
Microsoft Visual Studio Solution File, Format Version 12.00
# Visual Studio Version 16
VisualStudioVersion = 16.0.32802.440
MinimumVisualStudioVersion = 10.0.40219.1
Project("{FAE04EC0-301F-11D3-BF4B-00C04F79EFBC}") = "Mamgo.lk", "Mamgo.lk\Mamgo.lk.csproj", "{2B2F3DB4-952E-4F93-9432-9E1AA7EDE11B}"
EndProject
Global
	GlobalSection(SolutionConfigurationPlatforms) = preSolution
		Debug|Any CPU = Debug|Any CPU
		Release|Any CPU = Release|Any CPU
	EndGlobalSection
	GlobalSection(ProjectConfigurationPlatforms) = postSolution
		{2B2F3DB4-952E-4F93-9432-9E1AA7EDE11B}.Debug|Any CPU.ActiveCfg = Debug|Any CPU
		{2B2F3DB4-952E-4F93-9432-9E1AA7EDE11B}.Debug|Any CPU.Build.0 = Debug|Any CPU
		{2B2F3DB4-952E-4F93-9432-9E1AA7EDE11B}.Release|Any CPU.ActiveCfg = Release|Any CPU
		{2B2F3DB4-952E-4F93-9432-9E1AA7EDE11B}.Release|Any CPU.Build.0 = Release|Any CPU
	EndGlobalSection
	GlobalSection(SolutionProperties) = preSolution
		HideSolutionNode = FALSE
	EndGlobalSection
	GlobalSection(ExtensibilityGlobals) = postSolution
		SolutionGuid = {AFC6A6DD-1026-44D4-9D86-A18A97539F28}
	EndGlobalSection
EndGlobal
